// !$*UTF8*$!
{
	archiveVersion = 1;
	classes = {
	};
	objectVersion = 56;
	objects = {

/* Begin PBXBuildFile section */
		235AAB182922A3EB008B4E21 /* NC1App.swift in Sources */ = {isa = PBXBuildFile; fileRef = 235AAB172922A3EB008B4E21 /* NC1App.swift */; };
		235AAB1C2922A3EC008B4E21 /* Assets.xcassets in Resources */ = {isa = PBXBuildFile; fileRef = 235AAB1B2922A3EC008B4E21 /* Assets.xcassets */; };
		235AAB1F2922A3EC008B4E21 /* Preview Assets.xcassets in Resources */ = {isa = PBXBuildFile; fileRef = 235AAB1E2922A3EC008B4E21 /* Preview Assets.xcassets */; };
		238CA5F9292548410009442F /* MovieBackdropCard.swift in Sources */ = {isa = PBXBuildFile; fileRef = 238CA5F8292548410009442F /* MovieBackdropCard.swift */; };
		238CA5FD29268EA20009442F /* Movie.swift in Sources */ = {isa = PBXBuildFile; fileRef = 238CA5FC29268EA20009442F /* Movie.swift */; };
		238CA600292696EF0009442F /* MovieService.swift in Sources */ = {isa = PBXBuildFile; fileRef = 238CA5FF292696EF0009442F /* MovieService.swift */; };
		238CA602292699470009442F /* MovieStore.swift in Sources */ = {isa = PBXBuildFile; fileRef = 238CA601292699470009442F /* MovieStore.swift */; };
		238CA60429269A7B0009442F /* Utils.swift in Sources */ = {isa = PBXBuildFile; fileRef = 238CA60329269A7B0009442F /* Utils.swift */; };
		238CA60629269D750009442F /* MovieBackdropCarouselView.swift in Sources */ = {isa = PBXBuildFile; fileRef = 238CA60529269D750009442F /* MovieBackdropCarouselView.swift */; };
		238CA60829269D9F0009442F /* MoviePosterCard.swift in Sources */ = {isa = PBXBuildFile; fileRef = 238CA60729269D9F0009442F /* MoviePosterCard.swift */; };
		238CA60B2926ADEC0009442F /* ImageLoader.swift in Sources */ = {isa = PBXBuildFile; fileRef = 238CA60A2926ADEC0009442F /* ImageLoader.swift */; };
		238CA60D2926AE1E0009442F /* MovieDetailState.swift in Sources */ = {isa = PBXBuildFile; fileRef = 238CA60C2926AE1E0009442F /* MovieDetailState.swift */; };
		238CA60F2926AE450009442F /* MovieListState.swift in Sources */ = {isa = PBXBuildFile; fileRef = 238CA60E2926AE450009442F /* MovieListState.swift */; };
		238CA6112926AE700009442F /* MovieSearchState.swift in Sources */ = {isa = PBXBuildFile; fileRef = 238CA6102926AE700009442F /* MovieSearchState.swift */; };
		238CA6132926AF110009442F /* MoviePosterCarouselView.swift in Sources */ = {isa = PBXBuildFile; fileRef = 238CA6122926AF110009442F /* MoviePosterCarouselView.swift */; };
		238CA6152926AF370009442F /* MovieListView.swift in Sources */ = {isa = PBXBuildFile; fileRef = 238CA6142926AF370009442F /* MovieListView.swift */; };
		238CA6172926AF510009442F /* LoadingView.swift in Sources */ = {isa = PBXBuildFile; fileRef = 238CA6162926AF510009442F /* LoadingView.swift */; };
		238CA6192926AF760009442F /* MovieDetailView.swift in Sources */ = {isa = PBXBuildFile; fileRef = 238CA6182926AF760009442F /* MovieDetailView.swift */; };
		238CA61B2926AF9E0009442F /* MovieSearchView.swift in Sources */ = {isa = PBXBuildFile; fileRef = 238CA61A2926AF9E0009442F /* MovieSearchView.swift */; };
		238CA6212926B0290009442F /* SearchBar.swift in Sources */ = {isa = PBXBuildFile; fileRef = 238CA6202926B0290009442F /* SearchBar.swift */; };
		238CA6232926B05F0009442F /* Movie+Stub.swift in Sources */ = {isa = PBXBuildFile; fileRef = 238CA6222926B05F0009442F /* Movie+Stub.swift */; };
		238CA6282927BB6B0009442F /* movie_info.json in Resources */ = {isa = PBXBuildFile; fileRef = 238CA6252927BB6B0009442F /* movie_info.json */; };
		238CA6292927BB6B0009442F /* movie_list.json in Resources */ = {isa = PBXBuildFile; fileRef = 238CA6262927BB6B0009442F /* movie_list.json */; };
		238CA62A2927BB6B0009442F /* search_movie.json in Resources */ = {isa = PBXBuildFile; fileRef = 238CA6272927BB6B0009442F /* search_movie.json */; };
		238CA63929284C980009442F /* ActivityIndicatorView.swift in Sources */ = {isa = PBXBuildFile; fileRef = 238CA63829284C980009442F /* ActivityIndicatorView.swift */; };
		238CA63B29284CE90009442F /* SafariView.swift in Sources */ = {isa = PBXBuildFile; fileRef = 238CA63A29284CE90009442F /* SafariView.swift */; };
/* End PBXBuildFile section */

/* Begin PBXFileReference section */
		235AAB142922A3EB008B4E21 /* NC1.app */ = {isa = PBXFileReference; explicitFileType = wrapper.application; includeInIndex = 0; path = NC1.app; sourceTree = BUILT_PRODUCTS_DIR; };
		235AAB172922A3EB008B4E21 /* NC1App.swift */ = {isa = PBXFileReference; lastKnownFileType = sourcecode.swift; path = NC1App.swift; sourceTree = "<group>"; };
		235AAB1B2922A3EC008B4E21 /* Assets.xcassets */ = {isa = PBXFileReference; lastKnownFileType = folder.assetcatalog; path = Assets.xcassets; sourceTree = "<group>"; };
		235AAB1E2922A3EC008B4E21 /* Preview Assets.xcassets */ = {isa = PBXFileReference; lastKnownFileType = folder.assetcatalog; path = "Preview Assets.xcassets"; sourceTree = "<group>"; };
		238CA5F8292548410009442F /* MovieBackdropCard.swift */ = {isa = PBXFileReference; lastKnownFileType = sourcecode.swift; name = MovieBackdropCard.swift; path = Movie/MovieBackdropCard.swift; sourceTree = "<group>"; };
		238CA5FC29268EA20009442F /* Movie.swift */ = {isa = PBXFileReference; lastKnownFileType = sourcecode.swift; path = Movie.swift; sourceTree = "<group>"; };
		238CA5FF292696EF0009442F /* MovieService.swift */ = {isa = PBXFileReference; lastKnownFileType = sourcecode.swift; name = MovieService.swift; path = Movie/MovieService.swift; sourceTree = "<group>"; };
		238CA601292699470009442F /* MovieStore.swift */ = {isa = PBXFileReference; lastKnownFileType = sourcecode.swift; name = MovieStore.swift; path = Movie/MovieStore.swift; sourceTree = "<group>"; };
		238CA60329269A7B0009442F /* Utils.swift */ = {isa = PBXFileReference; lastKnownFileType = sourcecode.swift; path = Utils.swift; sourceTree = "<group>"; };
		238CA60529269D750009442F /* MovieBackdropCarouselView.swift */ = {isa = PBXFileReference; lastKnownFileType = sourcecode.swift; name = MovieBackdropCarouselView.swift; path = Movie/MovieBackdropCarouselView.swift; sourceTree = "<group>"; };
		238CA60729269D9F0009442F /* MoviePosterCard.swift */ = {isa = PBXFileReference; lastKnownFileType = sourcecode.swift; name = MoviePosterCard.swift; path = Movie/MoviePosterCard.swift; sourceTree = "<group>"; };
		238CA60A2926ADEC0009442F /* ImageLoader.swift */ = {isa = PBXFileReference; lastKnownFileType = sourcecode.swift; path = ImageLoader.swift; sourceTree = "<group>"; };
		238CA60C2926AE1E0009442F /* MovieDetailState.swift */ = {isa = PBXFileReference; lastKnownFileType = sourcecode.swift; path = MovieDetailState.swift; sourceTree = "<group>"; };
		238CA60E2926AE450009442F /* MovieListState.swift */ = {isa = PBXFileReference; lastKnownFileType = sourcecode.swift; path = MovieListState.swift; sourceTree = "<group>"; };
		238CA6102926AE700009442F /* MovieSearchState.swift */ = {isa = PBXFileReference; lastKnownFileType = sourcecode.swift; path = MovieSearchState.swift; sourceTree = "<group>"; };
		238CA6122926AF110009442F /* MoviePosterCarouselView.swift */ = {isa = PBXFileReference; lastKnownFileType = sourcecode.swift; name = MoviePosterCarouselView.swift; path = Movie/MoviePosterCarouselView.swift; sourceTree = "<group>"; };
		238CA6142926AF370009442F /* MovieListView.swift */ = {isa = PBXFileReference; lastKnownFileType = sourcecode.swift; name = MovieListView.swift; path = Movie/MovieListView.swift; sourceTree = "<group>"; };
		238CA6162926AF510009442F /* LoadingView.swift */ = {isa = PBXFileReference; lastKnownFileType = sourcecode.swift; name = LoadingView.swift; path = Movie/LoadingView.swift; sourceTree = "<group>"; };
		238CA6182926AF760009442F /* MovieDetailView.swift */ = {isa = PBXFileReference; lastKnownFileType = sourcecode.swift; name = MovieDetailView.swift; path = Movie/MovieDetailView.swift; sourceTree = "<group>"; };
		238CA61A2926AF9E0009442F /* MovieSearchView.swift */ = {isa = PBXFileReference; lastKnownFileType = sourcecode.swift; name = MovieSearchView.swift; path = Movie/MovieSearchView.swift; sourceTree = "<group>"; };
		238CA6202926B0290009442F /* SearchBar.swift */ = {isa = PBXFileReference; lastKnownFileType = sourcecode.swift; path = SearchBar.swift; sourceTree = "<group>"; };
		238CA6222926B05F0009442F /* Movie+Stub.swift */ = {isa = PBXFileReference; lastKnownFileType = sourcecode.swift; path = "Movie+Stub.swift"; sourceTree = "<group>"; };
		238CA6252927BB6B0009442F /* movie_info.json */ = {isa = PBXFileReference; fileEncoding = 4; lastKnownFileType = text.json; path = movie_info.json; sourceTree = "<group>"; };
		238CA6262927BB6B0009442F /* movie_list.json */ = {isa = PBXFileReference; fileEncoding = 4; lastKnownFileType = text.json; path = movie_list.json; sourceTree = "<group>"; };
		238CA6272927BB6B0009442F /* search_movie.json */ = {isa = PBXFileReference; fileEncoding = 4; lastKnownFileType = text.json; path = search_movie.json; sourceTree = "<group>"; };
		238CA63829284C980009442F /* ActivityIndicatorView.swift */ = {isa = PBXFileReference; lastKnownFileType = sourcecode.swift; path = ActivityIndicatorView.swift; sourceTree = "<group>"; };
		238CA63A29284CE90009442F /* SafariView.swift */ = {isa = PBXFileReference; lastKnownFileType = sourcecode.swift; path = SafariView.swift; sourceTree = "<group>"; };
/* End PBXFileReference section */

/* Begin PBXFrameworksBuildPhase section */
		235AAB112922A3EB008B4E21 /* Frameworks */ = {
			isa = PBXFrameworksBuildPhase;
			buildActionMask = 2147483647;
			files = (
			);
			runOnlyForDeploymentPostprocessing = 0;
		};
/* End PBXFrameworksBuildPhase section */

/* Begin PBXGroup section */
		235AAB0B2922A3EB008B4E21 = {
			isa = PBXGroup;
			children = (
				235AAB162922A3EB008B4E21 /* NC1 */,
				235AAB152922A3EB008B4E21 /* Products */,
			);
			sourceTree = "<group>";
		};
		235AAB152922A3EB008B4E21 /* Products */ = {
			isa = PBXGroup;
			children = (
				235AAB142922A3EB008B4E21 /* NC1.app */,
			);
			name = Products;
			sourceTree = "<group>";
		};
		235AAB162922A3EB008B4E21 /* NC1 */ = {
			isa = PBXGroup;
			children = (
				235AAB172922A3EB008B4E21 /* NC1App.swift */,
				238CA60329269A7B0009442F /* Utils.swift */,
				238CA6242927BB090009442F /* Resources */,
				238CA6092926ADD70009442F /* Bindings */,
				238CA5FE292696D10009442F /* Services */,
				238CA5F42922A43D0009442F /* View */,
				238CA5F32922A4370009442F /* Model */,
				238CA5F52922A4430009442F /* ViewModel */,
				235AAB1B2922A3EC008B4E21 /* Assets.xcassets */,
				235AAB1D2922A3EC008B4E21 /* Preview Content */,
			);
			path = NC1;
			sourceTree = "<group>";
		};
		235AAB1D2922A3EC008B4E21 /* Preview Content */ = {
			isa = PBXGroup;
			children = (
				235AAB1E2922A3EC008B4E21 /* Preview Assets.xcassets */,
			);
			path = "Preview Content";
			sourceTree = "<group>";
		};
		238CA5F32922A4370009442F /* Model */ = {
			isa = PBXGroup;
			children = (
				238CA5FC29268EA20009442F /* Movie.swift */,
				238CA6222926B05F0009442F /* Movie+Stub.swift */,
			);
			path = Model;
			sourceTree = "<group>";
		};
		238CA5F42922A43D0009442F /* View */ = {
			isa = PBXGroup;
			children = (
				238CA5F8292548410009442F /* MovieBackdropCard.swift */,
				238CA60529269D750009442F /* MovieBackdropCarouselView.swift */,
				238CA60729269D9F0009442F /* MoviePosterCard.swift */,
				238CA6122926AF110009442F /* MoviePosterCarouselView.swift */,
				238CA6142926AF370009442F /* MovieListView.swift */,
				238CA6162926AF510009442F /* LoadingView.swift */,
				238CA6182926AF760009442F /* MovieDetailView.swift */,
				238CA61A2926AF9E0009442F /* MovieSearchView.swift */,
			);
			path = View;
			sourceTree = "<group>";
		};
		238CA5F52922A4430009442F /* ViewModel */ = {
			isa = PBXGroup;
			children = (
				238CA6202926B0290009442F /* SearchBar.swift */,
				238CA63829284C980009442F /* ActivityIndicatorView.swift */,
				238CA63A29284CE90009442F /* SafariView.swift */,
			);
			path = ViewModel;
			sourceTree = "<group>";
		};
		238CA5FE292696D10009442F /* Services */ = {
			isa = PBXGroup;
			children = (
				238CA5FF292696EF0009442F /* MovieService.swift */,
				238CA601292699470009442F /* MovieStore.swift */,
			);
			path = Services;
			sourceTree = "<group>";
		};
		238CA6092926ADD70009442F /* Bindings */ = {
			isa = PBXGroup;
			children = (
				238CA60A2926ADEC0009442F /* ImageLoader.swift */,
				238CA60C2926AE1E0009442F /* MovieDetailState.swift */,
				238CA60E2926AE450009442F /* MovieListState.swift */,
				238CA6102926AE700009442F /* MovieSearchState.swift */,
			);
			path = Bindings;
			sourceTree = "<group>";
		};
		238CA6242927BB090009442F /* Resources */ = {
			isa = PBXGroup;
			children = (
				238CA6252927BB6B0009442F /* movie_info.json */,
				238CA6262927BB6B0009442F /* movie_list.json */,
				238CA6272927BB6B0009442F /* search_movie.json */,
			);
			path = Resources;
			sourceTree = "<group>";
		};
/* End PBXGroup section */

/* Begin PBXNativeTarget section */
		235AAB132922A3EB008B4E21 /* NC1 */ = {
			isa = PBXNativeTarget;
			buildConfigurationList = 235AAB222922A3EC008B4E21 /* Build configuration list for PBXNativeTarget "NC1" */;
			buildPhases = (
				235AAB102922A3EB008B4E21 /* Sources */,
				235AAB112922A3EB008B4E21 /* Frameworks */,
				235AAB122922A3EB008B4E21 /* Resources */,
			);
			buildRules = (
			);
			dependencies = (
			);
			name = NC1;
			productName = NC1;
			productReference = 235AAB142922A3EB008B4E21 /* NC1.app */;
			productType = "com.apple.product-type.application";
		};
/* End PBXNativeTarget section */

/* Begin PBXProject section */
		235AAB0C2922A3EB008B4E21 /* Project object */ = {
			isa = PBXProject;
			attributes = {
				BuildIndependentTargetsInParallel = 1;
				LastSwiftUpdateCheck = 1400;
				LastUpgradeCheck = 1400;
				TargetAttributes = {
					235AAB132922A3EB008B4E21 = {
						CreatedOnToolsVersion = 14.0.1;
					};
				};
			};
			buildConfigurationList = 235AAB0F2922A3EB008B4E21 /* Build configuration list for PBXProject "NC1" */;
			compatibilityVersion = "Xcode 14.0";
			developmentRegion = en;
			hasScannedForEncodings = 0;
			knownRegions = (
				en,
				Base,
			);
			mainGroup = 235AAB0B2922A3EB008B4E21;
			productRefGroup = 235AAB152922A3EB008B4E21 /* Products */;
			projectDirPath = "";
			projectRoot = "";
			targets = (
				235AAB132922A3EB008B4E21 /* NC1 */,
			);
		};
/* End PBXProject section */

/* Begin PBXResourcesBuildPhase section */
		235AAB122922A3EB008B4E21 /* Resources */ = {
			isa = PBXResourcesBuildPhase;
			buildActionMask = 2147483647;
			files = (
				235AAB1F2922A3EC008B4E21 /* Preview Assets.xcassets in Resources */,
				238CA6282927BB6B0009442F /* movie_info.json in Resources */,
				238CA6292927BB6B0009442F /* movie_list.json in Resources */,
				238CA62A2927BB6B0009442F /* search_movie.json in Resources */,
				235AAB1C2922A3EC008B4E21 /* Assets.xcassets in Resources */,
			);
			runOnlyForDeploymentPostprocessing = 0;
		};
/* End PBXResourcesBuildPhase section */

/* Begin PBXSourcesBuildPhase section */
		235AAB102922A3EB008B4E21 /* Sources */ = {
			isa = PBXSourcesBuildPhase;
			buildActionMask = 2147483647;
			files = (
				238CA61B2926AF9E0009442F /* MovieSearchView.swift in Sources */,
				238CA6112926AE700009442F /* MovieSearchState.swift in Sources */,
				238CA6152926AF370009442F /* MovieListView.swift in Sources */,
				238CA6232926B05F0009442F /* Movie+Stub.swift in Sources */,
				238CA60F2926AE450009442F /* MovieListState.swift in Sources */,
				238CA600292696EF0009442F /* MovieService.swift in Sources */,
				235AAB182922A3EB008B4E21 /* NC1App.swift in Sources */,
				238CA60629269D750009442F /* MovieBackdropCarouselView.swift in Sources */,
				238CA60D2926AE1E0009442F /* MovieDetailState.swift in Sources */,
				238CA60B2926ADEC0009442F /* ImageLoader.swift in Sources */,
				238CA6172926AF510009442F /* LoadingView.swift in Sources */,
				238CA63929284C980009442F /* ActivityIndicatorView.swift in Sources */,
				238CA602292699470009442F /* MovieStore.swift in Sources */,
				238CA63B29284CE90009442F /* SafariView.swift in Sources */,
				238CA60429269A7B0009442F /* Utils.swift in Sources */,
				238CA5F9292548410009442F /* MovieBackdropCard.swift in Sources */,
				238CA5FD29268EA20009442F /* Movie.swift in Sources */,
				238CA60829269D9F0009442F /* MoviePosterCard.swift in Sources */,
				238CA6212926B0290009442F /* SearchBar.swift in Sources */,
				238CA6192926AF760009442F /* MovieDetailView.swift in Sources */,
				238CA6132926AF110009442F /* MoviePosterCarouselView.swift in Sources */,
			);
			runOnlyForDeploymentPostprocessing = 0;
		};
/* End PBXSourcesBuildPhase section */

/* Begin XCBuildConfiguration section */
		235AAB202922A3EC008B4E21 /* Debug */ = {
			isa = XCBuildConfiguration;
			buildSettings = {
				ALWAYS_SEARCH_USER_PATHS = NO;
				CLANG_ANALYZER_NONNULL = YES;
				CLANG_ANALYZER_NUMBER_OBJECT_CONVERSION = YES_AGGRESSIVE;
				CLANG_CXX_LANGUAGE_STANDARD = "gnu++20";
				CLANG_ENABLE_MODULES = YES;
				CLANG_ENABLE_OBJC_ARC = YES;
				CLANG_ENABLE_OBJC_WEAK = YES;
				CLANG_WARN_BLOCK_CAPTURE_AUTORELEASING = YES;
				CLANG_WARN_BOOL_CONVERSION = YES;
				CLANG_WARN_COMMA = YES;
				CLANG_WARN_CONSTANT_CONVERSION = YES;
				CLANG_WARN_DEPRECATED_OBJC_IMPLEMENTATIONS = YES;
				CLANG_WARN_DIRECT_OBJC_ISA_USAGE = YES_ERROR;
				CLANG_WARN_DOCUMENTATION_COMMENTS = YES;
				CLANG_WARN_EMPTY_BODY = YES;
				CLANG_WARN_ENUM_CONVERSION = YES;
				CLANG_WARN_INFINITE_RECURSION = YES;
				CLANG_WARN_INT_CONVERSION = YES;
				CLANG_WARN_NON_LITERAL_NULL_CONVERSION = YES;
				CLANG_WARN_OBJC_IMPLICIT_RETAIN_SELF = YES;
				CLANG_WARN_OBJC_LITERAL_CONVERSION = YES;
				CLANG_WARN_OBJC_ROOT_CLASS = YES_ERROR;
				CLANG_WARN_QUOTED_INCLUDE_IN_FRAMEWORK_HEADER = YES;
				CLANG_WARN_RANGE_LOOP_ANALYSIS = YES;
				CLANG_WARN_STRICT_PROTOTYPES = YES;
				CLANG_WARN_SUSPICIOUS_MOVE = YES;
				CLANG_WARN_UNGUARDED_AVAILABILITY = YES_AGGRESSIVE;
				CLANG_WARN_UNREACHABLE_CODE = YES;
				CLANG_WARN__DUPLICATE_METHOD_MATCH = YES;
				COPY_PHASE_STRIP = NO;
				DEBUG_INFORMATION_FORMAT = dwarf;
				ENABLE_STRICT_OBJC_MSGSEND = YES;
				ENABLE_TESTABILITY = YES;
				GCC_C_LANGUAGE_STANDARD = gnu11;
				GCC_DYNAMIC_NO_PIC = NO;
				GCC_NO_COMMON_BLOCKS = YES;
				GCC_OPTIMIZATION_LEVEL = 0;
				GCC_PREPROCESSOR_DEFINITIONS = (
					"DEBUG=1",
					"$(inherited)",
				);
				GCC_WARN_64_TO_32_BIT_CONVERSION = YES;
				GCC_WARN_ABOUT_RETURN_TYPE = YES_ERROR;
				GCC_WARN_UNDECLARED_SELECTOR = YES;
				GCC_WARN_UNINITIALIZED_AUTOS = YES_AGGRESSIVE;
				GCC_WARN_UNUSED_FUNCTION = YES;
				GCC_WARN_UNUSED_VARIABLE = YES;
				IPHONEOS_DEPLOYMENT_TARGET = 16.0;
				MTL_ENABLE_DEBUG_INFO = INCLUDE_SOURCE;
				MTL_FAST_MATH = YES;
				ONLY_ACTIVE_ARCH = YES;
				SDKROOT = iphoneos;
				SWIFT_ACTIVE_COMPILATION_CONDITIONS = DEBUG;
				SWIFT_OPTIMIZATION_LEVEL = "-Onone";
			};
			name = Debug;
		};
		235AAB212922A3EC008B4E21 /* Release */ = {
			isa = XCBuildConfiguration;
			buildSettings = {
				ALWAYS_SEARCH_USER_PATHS = NO;
				CLANG_ANALYZER_NONNULL = YES;
				CLANG_ANALYZER_NUMBER_OBJECT_CONVERSION = YES_AGGRESSIVE;
				CLANG_CXX_LANGUAGE_STANDARD = "gnu++20";
				CLANG_ENABLE_MODULES = YES;
				CLANG_ENABLE_OBJC_ARC = YES;
				CLANG_ENABLE_OBJC_WEAK = YES;
				CLANG_WARN_BLOCK_CAPTURE_AUTORELEASING = YES;
				CLANG_WARN_BOOL_CONVERSION = YES;
				CLANG_WARN_COMMA = YES;
				CLANG_WARN_CONSTANT_CONVERSION = YES;
				CLANG_WARN_DEPRECATED_OBJC_IMPLEMENTATIONS = YES;
				CLANG_WARN_DIRECT_OBJC_ISA_USAGE = YES_ERROR;
				CLANG_WARN_DOCUMENTATION_COMMENTS = YES;
				CLANG_WARN_EMPTY_BODY = YES;
				CLANG_WARN_ENUM_CONVERSION = YES;
				CLANG_WARN_INFINITE_RECURSION = YES;
				CLANG_WARN_INT_CONVERSION = YES;
				CLANG_WARN_NON_LITERAL_NULL_CONVERSION = YES;
				CLANG_WARN_OBJC_IMPLICIT_RETAIN_SELF = YES;
				CLANG_WARN_OBJC_LITERAL_CONVERSION = YES;
				CLANG_WARN_OBJC_ROOT_CLASS = YES_ERROR;
				CLANG_WARN_QUOTED_INCLUDE_IN_FRAMEWORK_HEADER = YES;
				CLANG_WARN_RANGE_LOOP_ANALYSIS = YES;
				CLANG_WARN_STRICT_PROTOTYPES = YES;
				CLANG_WARN_SUSPICIOUS_MOVE = YES;
				CLANG_WARN_UNGUARDED_AVAILABILITY = YES_AGGRESSIVE;
				CLANG_WARN_UNREACHABLE_CODE = YES;
				CLANG_WARN__DUPLICATE_METHOD_MATCH = YES;
				COPY_PHASE_STRIP = NO;
				DEBUG_INFORMATION_FORMAT = "dwarf-with-dsym";
				ENABLE_NS_ASSERTIONS = NO;
				ENABLE_STRICT_OBJC_MSGSEND = YES;
				GCC_C_LANGUAGE_STANDARD = gnu11;
				GCC_NO_COMMON_BLOCKS = YES;
				GCC_WARN_64_TO_32_BIT_CONVERSION = YES;
				GCC_WARN_ABOUT_RETURN_TYPE = YES_ERROR;
				GCC_WARN_UNDECLARED_SELECTOR = YES;
				GCC_WARN_UNINITIALIZED_AUTOS = YES_AGGRESSIVE;
				GCC_WARN_UNUSED_FUNCTION = YES;
				GCC_WARN_UNUSED_VARIABLE = YES;
				IPHONEOS_DEPLOYMENT_TARGET = 16.0;
				MTL_ENABLE_DEBUG_INFO = NO;
				MTL_FAST_MATH = YES;
				SDKROOT = iphoneos;
				SWIFT_COMPILATION_MODE = wholemodule;
				SWIFT_OPTIMIZATION_LEVEL = "-O";
				VALIDATE_PRODUCT = YES;
			};
			name = Release;
		};
		235AAB232922A3EC008B4E21 /* Debug */ = {
			isa = XCBuildConfiguration;
			buildSettings = {
				ASSETCATALOG_COMPILER_APPICON_NAME = AppIcon;
				ASSETCATALOG_COMPILER_GLOBAL_ACCENT_COLOR_NAME = AccentColor;
				CODE_SIGN_STYLE = Automatic;
				CURRENT_PROJECT_VERSION = 1;
				DEVELOPMENT_ASSET_PATHS = "\"NC1/Preview Content\"";
				DEVELOPMENT_TEAM = 8CC94XCBYW;
				ENABLE_PREVIEWS = YES;
				GENERATE_INFOPLIST_FILE = YES;
				INFOPLIST_KEY_UIApplicationSceneManifest_Generation = YES;
				INFOPLIST_KEY_UIApplicationSupportsIndirectInputEvents = YES;
				INFOPLIST_KEY_UILaunchScreen_Generation = YES;
				INFOPLIST_KEY_UIStatusBarStyle = "";
				INFOPLIST_KEY_UISupportedInterfaceOrientations_iPad = "UIInterfaceOrientationPortrait UIInterfaceOrientationPortraitUpsideDown UIInterfaceOrientationLandscapeLeft UIInterfaceOrientationLandscapeRight";
				INFOPLIST_KEY_UISupportedInterfaceOrientations_iPhone = "UIInterfaceOrientationPortrait UIInterfaceOrientationLandscapeLeft UIInterfaceOrientationLandscapeRight";
				LD_RUNPATH_SEARCH_PATHS = (
					"$(inherited)",
					"@executable_path/Frameworks",
				);
				MARKETING_VERSION = 1.0;
				PRODUCT_BUNDLE_IDENTIFIER = mr.robot.nc1.tvtimeclone;
				PRODUCT_NAME = "$(TARGET_NAME)";
				SWIFT_EMIT_LOC_STRINGS = YES;
				SWIFT_VERSION = 5.0;
				TARGETED_DEVICE_FAMILY = "1,2";
			};
			name = Debug;
		};
		235AAB242922A3EC008B4E21 /* Release */ = {
			isa = XCBuildConfiguration;
			buildSettings = {
				ASSETCATALOG_COMPILER_APPICON_NAME = AppIcon;
				ASSETCATALOG_COMPILER_GLOBAL_ACCENT_COLOR_NAME = AccentColor;
				CODE_SIGN_STYLE = Automatic;
				CURRENT_PROJECT_VERSION = 1;
				DEVELOPMENT_ASSET_PATHS = "\"NC1/Preview Content\"";
				DEVELOPMENT_TEAM = 8CC94XCBYW;
				ENABLE_PREVIEWS = YES;
				GENERATE_INFOPLIST_FILE = YES;
				INFOPLIST_KEY_UIApplicationSceneManifest_Generation = YES;
				INFOPLIST_KEY_UIApplicationSupportsIndirectInputEvents = YES;
				INFOPLIST_KEY_UILaunchScreen_Generation = YES;
				INFOPLIST_KEY_UIStatusBarStyle = "";
				INFOPLIST_KEY_UISupportedInterfaceOrientations_iPad = "UIInterfaceOrientationPortrait UIInterfaceOrientationPortraitUpsideDown UIInterfaceOrientationLandscapeLeft UIInterfaceOrientationLandscapeRight";
				INFOPLIST_KEY_UISupportedInterfaceOrientations_iPhone = "UIInterfaceOrientationPortrait UIInterfaceOrientationLandscapeLeft UIInterfaceOrientationLandscapeRight";
				LD_RUNPATH_SEARCH_PATHS = (
					"$(inherited)",
					"@executable_path/Frameworks",
				);
				MARKETING_VERSION = 1.0;
				PRODUCT_BUNDLE_IDENTIFIER = mr.robot.nc1.tvtimeclone;
				PRODUCT_NAME = "$(TARGET_NAME)";
				SWIFT_EMIT_LOC_STRINGS = YES;
				SWIFT_VERSION = 5.0;
				TARGETED_DEVICE_FAMILY = "1,2";
			};
			name = Release;
		};
/* End XCBuildConfiguration section */

/* Begin XCConfigurationList section */
		235AAB0F2922A3EB008B4E21 /* Build configuration list for PBXProject "NC1" */ = {
			isa = XCConfigurationList;
			buildConfigurations = (
				235AAB202922A3EC008B4E21 /* Debug */,
				235AAB212922A3EC008B4E21 /* Release */,
			);
			defaultConfigurationIsVisible = 0;
			defaultConfigurationName = Release;
		};
		235AAB222922A3EC008B4E21 /* Build configuration list for PBXNativeTarget "NC1" */ = {
			isa = XCConfigurationList;
			buildConfigurations = (
				235AAB232922A3EC008B4E21 /* Debug */,
				235AAB242922A3EC008B4E21 /* Release */,
			);
			defaultConfigurationIsVisible = 0;
			defaultConfigurationName = Release;
		};
/* End XCConfigurationList section */
	};
	rootObject = 235AAB0C2922A3EB008B4E21 /* Project object */;
}
